// !$*UTF8*$!
{
	archiveVersion = 1;
	classes = {
	};
	objectVersion = 50;
	objects = {

/* Begin PBXBuildFile section */
		843F1FCC26EFBE2900730046 /* AppDelegate.swift in Sources */ = {isa = PBXBuildFile; fileRef = 843F1FCB26EFBE2900730046 /* AppDelegate.swift */; };
		843F1FCE26EFBE2900730046 /* SceneDelegate.swift in Sources */ = {isa = PBXBuildFile; fileRef = 843F1FCD26EFBE2900730046 /* SceneDelegate.swift */; };
		843F1FD026EFBE2900730046 /* ViewController.swift in Sources */ = {isa = PBXBuildFile; fileRef = 843F1FCF26EFBE2900730046 /* ViewController.swift */; };
		843F1FD326EFBE2900730046 /* Main.storyboard in Resources */ = {isa = PBXBuildFile; fileRef = 843F1FD126EFBE2900730046 /* Main.storyboard */; };
		843F1FD526EFBE2B00730046 /* Assets.xcassets in Resources */ = {isa = PBXBuildFile; fileRef = 843F1FD426EFBE2B00730046 /* Assets.xcassets */; };
		843F1FD826EFBE2B00730046 /* LaunchScreen.storyboard in Resources */ = {isa = PBXBuildFile; fileRef = 843F1FD626EFBE2B00730046 /* LaunchScreen.storyboard */; };
		843F1FE526EFBE9F00730046 /* WebsocketConnection.swift in Sources */ = {isa = PBXBuildFile; fileRef = 843F1FE426EFBE9F00730046 /* WebsocketConnection.swift */; };
		843F1FE826EFBF6E00730046 /* DetailViewController.swift in Sources */ = {isa = PBXBuildFile; fileRef = 843F1FE726EFBF6E00730046 /* DetailViewController.swift */; };
		843F1FEC26EFBFDE00730046 /* Extensions.swift in Sources */ = {isa = PBXBuildFile; fileRef = 843F1FEB26EFBFDE00730046 /* Extensions.swift */; };
		843F1FEF26EFBFF800730046 /* AQIModel.swift in Sources */ = {isa = PBXBuildFile; fileRef = 843F1FEE26EFBFF800730046 /* AQIModel.swift */; };
		843F1FF226EFC03F00730046 /* Arrow.swift in Sources */ = {isa = PBXBuildFile; fileRef = 843F1FF126EFC03F00730046 /* Arrow.swift */; };
		843F1FF526EFC08500730046 /* Circle.swift in Sources */ = {isa = PBXBuildFile; fileRef = 843F1FF426EFC08500730046 /* Circle.swift */; };
		843F200026F0606500730046 /* MKMagneticProgress.swift in Sources */ = {isa = PBXBuildFile; fileRef = 843F1FFF26F0606500730046 /* MKMagneticProgress.swift */; };
		843F200426F060F000730046 /* AQITableViewCell.swift in Sources */ = {isa = PBXBuildFile; fileRef = 843F200226F060F000730046 /* AQITableViewCell.swift */; };
		843F200526F060F000730046 /* AQITableViewCell.xib in Resources */ = {isa = PBXBuildFile; fileRef = 843F200326F060F000730046 /* AQITableViewCell.xib */; };
		843F200826F0993D00730046 /* Reachability.swift in Sources */ = {isa = PBXBuildFile; fileRef = 843F200726F0993D00730046 /* Reachability.swift */; };
/* End PBXBuildFile section */

/* Begin PBXFileReference section */
		843F1FC826EFBE2900730046 /* AirQualityMonitor.app */ = {isa = PBXFileReference; explicitFileType = wrapper.application; includeInIndex = 0; path = AirQualityMonitor.app; sourceTree = BUILT_PRODUCTS_DIR; };
		843F1FCB26EFBE2900730046 /* AppDelegate.swift */ = {isa = PBXFileReference; lastKnownFileType = sourcecode.swift; path = AppDelegate.swift; sourceTree = "<group>"; };
		843F1FCD26EFBE2900730046 /* SceneDelegate.swift */ = {isa = PBXFileReference; lastKnownFileType = sourcecode.swift; path = SceneDelegate.swift; sourceTree = "<group>"; };
		843F1FCF26EFBE2900730046 /* ViewController.swift */ = {isa = PBXFileReference; lastKnownFileType = sourcecode.swift; path = ViewController.swift; sourceTree = "<group>"; };
		843F1FD226EFBE2900730046 /* Base */ = {isa = PBXFileReference; lastKnownFileType = file.storyboard; name = Base; path = Base.lproj/Main.storyboard; sourceTree = "<group>"; };
		843F1FD426EFBE2B00730046 /* Assets.xcassets */ = {isa = PBXFileReference; lastKnownFileType = folder.assetcatalog; path = Assets.xcassets; sourceTree = "<group>"; };
		843F1FD726EFBE2B00730046 /* Base */ = {isa = PBXFileReference; lastKnownFileType = file.storyboard; name = Base; path = Base.lproj/LaunchScreen.storyboard; sourceTree = "<group>"; };
		843F1FD926EFBE2B00730046 /* Info.plist */ = {isa = PBXFileReference; lastKnownFileType = text.plist.xml; path = Info.plist; sourceTree = "<group>"; };
		843F1FE426EFBE9F00730046 /* WebsocketConnection.swift */ = {isa = PBXFileReference; lastKnownFileType = sourcecode.swift; path = WebsocketConnection.swift; sourceTree = "<group>"; };
		843F1FE726EFBF6E00730046 /* DetailViewController.swift */ = {isa = PBXFileReference; lastKnownFileType = sourcecode.swift; path = DetailViewController.swift; sourceTree = "<group>"; };
		843F1FEB26EFBFDE00730046 /* Extensions.swift */ = {isa = PBXFileReference; lastKnownFileType = sourcecode.swift; path = Extensions.swift; sourceTree = "<group>"; };
		843F1FEE26EFBFF800730046 /* AQIModel.swift */ = {isa = PBXFileReference; lastKnownFileType = sourcecode.swift; path = AQIModel.swift; sourceTree = "<group>"; };
		843F1FF126EFC03F00730046 /* Arrow.swift */ = {isa = PBXFileReference; lastKnownFileType = sourcecode.swift; path = Arrow.swift; sourceTree = "<group>"; };
		843F1FF426EFC08500730046 /* Circle.swift */ = {isa = PBXFileReference; lastKnownFileType = sourcecode.swift; path = Circle.swift; sourceTree = "<group>"; };
		843F1FFF26F0606500730046 /* MKMagneticProgress.swift */ = {isa = PBXFileReference; fileEncoding = 4; lastKnownFileType = sourcecode.swift; path = MKMagneticProgress.swift; sourceTree = "<group>"; };
		843F200226F060F000730046 /* AQITableViewCell.swift */ = {isa = PBXFileReference; fileEncoding = 4; lastKnownFileType = sourcecode.swift; path = AQITableViewCell.swift; sourceTree = "<group>"; };
		843F200326F060F000730046 /* AQITableViewCell.xib */ = {isa = PBXFileReference; fileEncoding = 4; lastKnownFileType = file.xib; path = AQITableViewCell.xib; sourceTree = "<group>"; };
		843F200726F0993D00730046 /* Reachability.swift */ = {isa = PBXFileReference; fileEncoding = 4; lastKnownFileType = sourcecode.swift; path = Reachability.swift; sourceTree = "<group>"; };
/* End PBXFileReference section */

/* Begin PBXFrameworksBuildPhase section */
		843F1FC526EFBE2900730046 /* Frameworks */ = {
			isa = PBXFrameworksBuildPhase;
			buildActionMask = 2147483647;
			files = (
			);
			runOnlyForDeploymentPostprocessing = 0;
		};
/* End PBXFrameworksBuildPhase section */

/* Begin PBXGroup section */
		843F1FBF26EFBE2900730046 = {
			isa = PBXGroup;
			children = (
				843F1FCA26EFBE2900730046 /* AirQualityMonitor */,
				843F1FC926EFBE2900730046 /* Products */,
			);
			sourceTree = "<group>";
		};
		843F1FC926EFBE2900730046 /* Products */ = {
			isa = PBXGroup;
			children = (
				843F1FC826EFBE2900730046 /* AirQualityMonitor.app */,
			);
			name = Products;
			sourceTree = "<group>";
		};
		843F1FCA26EFBE2900730046 /* AirQualityMonitor */ = {
			isa = PBXGroup;
			children = (
				843F1FEA26EFBFC700730046 /* Utilities */,
				843F1FE326EFBE8500730046 /* Models */,
				843F1FE226EFBE7900730046 /* Controllers */,
				843F1FE126EFBE7000730046 /* Views */,
				843F1FE026EFBE6200730046 /* Network */,
				843F1FCB26EFBE2900730046 /* AppDelegate.swift */,
				843F1FCD26EFBE2900730046 /* SceneDelegate.swift */,
				843F1FD126EFBE2900730046 /* Main.storyboard */,
				843F1FD426EFBE2B00730046 /* Assets.xcassets */,
				843F1FD626EFBE2B00730046 /* LaunchScreen.storyboard */,
				843F1FD926EFBE2B00730046 /* Info.plist */,
			);
			path = AirQualityMonitor;
			sourceTree = "<group>";
		};
		843F1FE026EFBE6200730046 /* Network */ = {
			isa = PBXGroup;
			children = (
				843F1FE426EFBE9F00730046 /* WebsocketConnection.swift */,
				843F200726F0993D00730046 /* Reachability.swift */,
			);
			path = Network;
			sourceTree = "<group>";
		};
		843F1FE126EFBE7000730046 /* Views */ = {
			isa = PBXGroup;
			children = (
				843F1FF126EFC03F00730046 /* Arrow.swift */,
				843F1FF426EFC08500730046 /* Circle.swift */,
				843F1FFF26F0606500730046 /* MKMagneticProgress.swift */,
				843F200226F060F000730046 /* AQITableViewCell.swift */,
				843F200326F060F000730046 /* AQITableViewCell.xib */,
			);
			path = Views;
			sourceTree = "<group>";
		};
		843F1FE226EFBE7900730046 /* Controllers */ = {
			isa = PBXGroup;
			children = (
				843F1FCF26EFBE2900730046 /* ViewController.swift */,
				843F1FE726EFBF6E00730046 /* DetailViewController.swift */,
			);
			path = Controllers;
			sourceTree = "<group>";
		};
		843F1FE326EFBE8500730046 /* Models */ = {
			isa = PBXGroup;
			children = (
				843F1FEE26EFBFF800730046 /* AQIModel.swift */,
			);
			path = Models;
			sourceTree = "<group>";
		};
		843F1FEA26EFBFC700730046 /* Utilities */ = {
			isa = PBXGroup;
			children = (
				843F1FEB26EFBFDE00730046 /* Extensions.swift */,
			);
			path = Utilities;
			sourceTree = "<group>";
		};
/* End PBXGroup section */

/* Begin PBXNativeTarget section */
		843F1FC726EFBE2900730046 /* AirQualityMonitor */ = {
			isa = PBXNativeTarget;
			buildConfigurationList = 843F1FDC26EFBE2B00730046 /* Build configuration list for PBXNativeTarget "AirQualityMonitor" */;
			buildPhases = (
				843F1FC426EFBE2900730046 /* Sources */,
				843F1FC526EFBE2900730046 /* Frameworks */,
				843F1FC626EFBE2900730046 /* Resources */,
			);
			buildRules = (
			);
			dependencies = (
			);
			name = AirQualityMonitor;
			productName = AirQualityMonitor;
			productReference = 843F1FC826EFBE2900730046 /* AirQualityMonitor.app */;
			productType = "com.apple.product-type.application";
		};
/* End PBXNativeTarget section */

/* Begin PBXProject section */
		843F1FC026EFBE2900730046 /* Project object */ = {
			isa = PBXProject;
			attributes = {
				LastSwiftUpdateCheck = 1230;
				LastUpgradeCheck = 1230;
				TargetAttributes = {
					843F1FC726EFBE2900730046 = {
						CreatedOnToolsVersion = 12.3;
					};
				};
			};
			buildConfigurationList = 843F1FC326EFBE2900730046 /* Build configuration list for PBXProject "AirQualityMonitor" */;
			compatibilityVersion = "Xcode 9.3";
			developmentRegion = en;
			hasScannedForEncodings = 0;
			knownRegions = (
				en,
				Base,
			);
			mainGroup = 843F1FBF26EFBE2900730046;
			productRefGroup = 843F1FC926EFBE2900730046 /* Products */;
			projectDirPath = "";
			projectRoot = "";
			targets = (
				843F1FC726EFBE2900730046 /* AirQualityMonitor */,
			);
		};
/* End PBXProject section */

/* Begin PBXResourcesBuildPhase section */
		843F1FC626EFBE2900730046 /* Resources */ = {
			isa = PBXResourcesBuildPhase;
			buildActionMask = 2147483647;
			files = (
				843F1FD826EFBE2B00730046 /* LaunchScreen.storyboard in Resources */,
				843F1FD526EFBE2B00730046 /* Assets.xcassets in Resources */,
				843F1FD326EFBE2900730046 /* Main.storyboard in Resources */,
				843F200526F060F000730046 /* AQITableViewCell.xib in Resources */,
			);
			runOnlyForDeploymentPostprocessing = 0;
		};
/* End PBXResourcesBuildPhase section */

/* Begin PBXSourcesBuildPhase section */
		843F1FC426EFBE2900730046 /* Sources */ = {
			isa = PBXSourcesBuildPhase;
			buildActionMask = 2147483647;
			files = (
				843F200426F060F000730046 /* AQITableViewCell.swift in Sources */,
				843F1FD026EFBE2900730046 /* ViewController.swift in Sources */,
				843F200826F0993D00730046 /* Reachability.swift in Sources */,
				843F1FF226EFC03F00730046 /* Arrow.swift in Sources */,
				843F1FF526EFC08500730046 /* Circle.swift in Sources */,
				843F1FEC26EFBFDE00730046 /* Extensions.swift in Sources */,
				843F1FEF26EFBFF800730046 /* AQIModel.swift in Sources */,
				843F1FCC26EFBE2900730046 /* AppDelegate.swift in Sources */,
				843F200026F0606500730046 /* MKMagneticProgress.swift in Sources */,
				843F1FE826EFBF6E00730046 /* DetailViewController.swift in Sources */,
				843F1FCE26EFBE2900730046 /* SceneDelegate.swift in Sources */,
				843F1FE526EFBE9F00730046 /* WebsocketConnection.swift in Sources */,
			);
			runOnlyForDeploymentPostprocessing = 0;
		};
/* End PBXSourcesBuildPhase section */

/* Begin PBXVariantGroup section */
		843F1FD126EFBE2900730046 /* Main.storyboard */ = {
			isa = PBXVariantGroup;
			children = (
				843F1FD226EFBE2900730046 /* Base */,
			);
			name = Main.storyboard;
			sourceTree = "<group>";
		};
		843F1FD626EFBE2B00730046 /* LaunchScreen.storyboard */ = {
			isa = PBXVariantGroup;
			children = (
				843F1FD726EFBE2B00730046 /* Base */,
			);
			name = LaunchScreen.storyboard;
			sourceTree = "<group>";
		};
/* End PBXVariantGroup section */

/* Begin XCBuildConfiguration section */
		843F1FDA26EFBE2B00730046 /* Debug */ = {
			isa = XCBuildConfiguration;
			buildSettings = {
				ALWAYS_SEARCH_USER_PATHS = NO;
				CLANG_ANALYZER_NONNULL = YES;
				CLANG_ANALYZER_NUMBER_OBJECT_CONVERSION = YES_AGGRESSIVE;
				CLANG_CXX_LANGUAGE_STANDARD = "gnu++14";
				CLANG_CXX_LIBRARY = "libc++";
				CLANG_ENABLE_MODULES = YES;
				CLANG_ENABLE_OBJC_ARC = YES;
				CLANG_ENABLE_OBJC_WEAK = YES;
				CLANG_WARN_BLOCK_CAPTURE_AUTORELEASING = YES;
				CLANG_WARN_BOOL_CONVERSION = YES;
				CLANG_WARN_COMMA = YES;
				CLANG_WARN_CONSTANT_CONVERSION = YES;
				CLANG_WARN_DEPRECATED_OBJC_IMPLEMENTATIONS = YES;
				CLANG_WARN_DIRECT_OBJC_ISA_USAGE = YES_ERROR;
				CLANG_WARN_DOCUMENTATION_COMMENTS = YES;
				CLANG_WARN_EMPTY_BODY = YES;
				CLANG_WARN_ENUM_CONVERSION = YES;
				CLANG_WARN_INFINITE_RECURSION = YES;
				CLANG_WARN_INT_CONVERSION = YES;
				CLANG_WARN_NON_LITERAL_NULL_CONVERSION = YES;
				CLANG_WARN_OBJC_IMPLICIT_RETAIN_SELF = YES;
				CLANG_WARN_OBJC_LITERAL_CONVERSION = YES;
				CLANG_WARN_OBJC_ROOT_CLASS = YES_ERROR;
				CLANG_WARN_QUOTED_INCLUDE_IN_FRAMEWORK_HEADER = YES;
				CLANG_WARN_RANGE_LOOP_ANALYSIS = YES;
				CLANG_WARN_STRICT_PROTOTYPES = YES;
				CLANG_WARN_SUSPICIOUS_MOVE = YES;
				CLANG_WARN_UNGUARDED_AVAILABILITY = YES_AGGRESSIVE;
				CLANG_WARN_UNREACHABLE_CODE = YES;
				CLANG_WARN__DUPLICATE_METHOD_MATCH = YES;
				COPY_PHASE_STRIP = NO;
				DEBUG_INFORMATION_FORMAT = dwarf;
				ENABLE_STRICT_OBJC_MSGSEND = YES;
				ENABLE_TESTABILITY = YES;
				GCC_C_LANGUAGE_STANDARD = gnu11;
				GCC_DYNAMIC_NO_PIC = NO;
				GCC_NO_COMMON_BLOCKS = YES;
				GCC_OPTIMIZATION_LEVEL = 0;
				GCC_PREPROCESSOR_DEFINITIONS = (
					"DEBUG=1",
					"$(inherited)",
				);
				GCC_WARN_64_TO_32_BIT_CONVERSION = YES;
				GCC_WARN_ABOUT_RETURN_TYPE = YES_ERROR;
				GCC_WARN_UNDECLARED_SELECTOR = YES;
				GCC_WARN_UNINITIALIZED_AUTOS = YES_AGGRESSIVE;
				GCC_WARN_UNUSED_FUNCTION = YES;
				GCC_WARN_UNUSED_VARIABLE = YES;
				IPHONEOS_DEPLOYMENT_TARGET = 14.3;
				MTL_ENABLE_DEBUG_INFO = INCLUDE_SOURCE;
				MTL_FAST_MATH = YES;
				ONLY_ACTIVE_ARCH = YES;
				SDKROOT = iphoneos;
				SWIFT_ACTIVE_COMPILATION_CONDITIONS = DEBUG;
				SWIFT_OPTIMIZATION_LEVEL = "-Onone";
			};
			name = Debug;
		};
		843F1FDB26EFBE2B00730046 /* Release */ = {
			isa = XCBuildConfiguration;
			buildSettings = {
				ALWAYS_SEARCH_USER_PATHS = NO;
				CLANG_ANALYZER_NONNULL = YES;
				CLANG_ANALYZER_NUMBER_OBJECT_CONVERSION = YES_AGGRESSIVE;
				CLANG_CXX_LANGUAGE_STANDARD = "gnu++14";
				CLANG_CXX_LIBRARY = "libc++";
				CLANG_ENABLE_MODULES = YES;
				CLANG_ENABLE_OBJC_ARC = YES;
				CLANG_ENABLE_OBJC_WEAK = YES;
				CLANG_WARN_BLOCK_CAPTURE_AUTORELEASING = YES;
				CLANG_WARN_BOOL_CONVERSION = YES;
				CLANG_WARN_COMMA = YES;
				CLANG_WARN_CONSTANT_CONVERSION = YES;
				CLANG_WARN_DEPRECATED_OBJC_IMPLEMENTATIONS = YES;
				CLANG_WARN_DIRECT_OBJC_ISA_USAGE = YES_ERROR;
				CLANG_WARN_DOCUMENTATION_COMMENTS = YES;
				CLANG_WARN_EMPTY_BODY = YES;
				CLANG_WARN_ENUM_CONVERSION = YES;
				CLANG_WARN_INFINITE_RECURSION = YES;
				CLANG_WARN_INT_CONVERSION = YES;
				CLANG_WARN_NON_LITERAL_NULL_CONVERSION = YES;
				CLANG_WARN_OBJC_IMPLICIT_RETAIN_SELF = YES;
				CLANG_WARN_OBJC_LITERAL_CONVERSION = YES;
				CLANG_WARN_OBJC_ROOT_CLASS = YES_ERROR;
				CLANG_WARN_QUOTED_INCLUDE_IN_FRAMEWORK_HEADER = YES;
				CLANG_WARN_RANGE_LOOP_ANALYSIS = YES;
				CLANG_WARN_STRICT_PROTOTYPES = YES;
				CLANG_WARN_SUSPICIOUS_MOVE = YES;
				CLANG_WARN_UNGUARDED_AVAILABILITY = YES_AGGRESSIVE;
				CLANG_WARN_UNREACHABLE_CODE = YES;
				CLANG_WARN__DUPLICATE_METHOD_MATCH = YES;
				COPY_PHASE_STRIP = NO;
				DEBUG_INFORMATION_FORMAT = "dwarf-with-dsym";
				ENABLE_NS_ASSERTIONS = NO;
				ENABLE_STRICT_OBJC_MSGSEND = YES;
				GCC_C_LANGUAGE_STANDARD = gnu11;
				GCC_NO_COMMON_BLOCKS = YES;
				GCC_WARN_64_TO_32_BIT_CONVERSION = YES;
				GCC_WARN_ABOUT_RETURN_TYPE = YES_ERROR;
				GCC_WARN_UNDECLARED_SELECTOR = YES;
				GCC_WARN_UNINITIALIZED_AUTOS = YES_AGGRESSIVE;
				GCC_WARN_UNUSED_FUNCTION = YES;
				GCC_WARN_UNUSED_VARIABLE = YES;
				IPHONEOS_DEPLOYMENT_TARGET = 14.3;
				MTL_ENABLE_DEBUG_INFO = NO;
				MTL_FAST_MATH = YES;
				SDKROOT = iphoneos;
				SWIFT_COMPILATION_MODE = wholemodule;
				SWIFT_OPTIMIZATION_LEVEL = "-O";
				VALIDATE_PRODUCT = YES;
			};
			name = Release;
		};
		843F1FDD26EFBE2B00730046 /* Debug */ = {
			isa = XCBuildConfiguration;
			buildSettings = {
				ASSETCATALOG_COMPILER_APPICON_NAME = AppIcon;
				ASSETCATALOG_COMPILER_GLOBAL_ACCENT_COLOR_NAME = AccentColor;
				CODE_SIGN_STYLE = Automatic;
				DEVELOPMENT_TEAM = 5B4376PT4P;
				INFOPLIST_FILE = AirQualityMonitor/Info.plist;
				LD_RUNPATH_SEARCH_PATHS = (
					"$(inherited)",
					"@executable_path/Frameworks",
				);
				PRODUCT_BUNDLE_IDENTIFIER = com.raja.AirQualityMonitor;
				PRODUCT_NAME = "$(TARGET_NAME)";
				SWIFT_VERSION = 5.0;
				TARGETED_DEVICE_FAMILY = "1,2";
			};
			name = Debug;
		};
		843F1FDE26EFBE2B00730046 /* Release */ = {
			isa = XCBuildConfiguration;
			buildSettings = {
				ASSETCATALOG_COMPILER_APPICON_NAME = AppIcon;
				ASSETCATALOG_COMPILER_GLOBAL_ACCENT_COLOR_NAME = AccentColor;
				CODE_SIGN_STYLE = Automatic;
				DEVELOPMENT_TEAM = 5B4376PT4P;
				INFOPLIST_FILE = AirQualityMonitor/Info.plist;
				LD_RUNPATH_SEARCH_PATHS = (
					"$(inherited)",
					"@executable_path/Frameworks",
				);
				PRODUCT_BUNDLE_IDENTIFIER = com.raja.AirQualityMonitor;
				PRODUCT_NAME = "$(TARGET_NAME)";
				SWIFT_VERSION = 5.0;
				TARGETED_DEVICE_FAMILY = "1,2";
			};
			name = Release;
		};
/* End XCBuildConfiguration section */

/* Begin XCConfigurationList section */
		843F1FC326EFBE2900730046 /* Build configuration list for PBXProject "AirQualityMonitor" */ = {
			isa = XCConfigurationList;
			buildConfigurations = (
				843F1FDA26EFBE2B00730046 /* Debug */,
				843F1FDB26EFBE2B00730046 /* Release */,
			);
			defaultConfigurationIsVisible = 0;
			defaultConfigurationName = Release;
		};
		843F1FDC26EFBE2B00730046 /* Build configuration list for PBXNativeTarget "AirQualityMonitor" */ = {
			isa = XCConfigurationList;
			buildConfigurations = (
				843F1FDD26EFBE2B00730046 /* Debug */,
				843F1FDE26EFBE2B00730046 /* Release */,
			);
			defaultConfigurationIsVisible = 0;
			defaultConfigurationName = Release;
		};
/* End XCConfigurationList section */
	};
	rootObject = 843F1FC026EFBE2900730046 /* Project object */;
}
